
Microsoft Visual Studio Solution File, Format Version 12.00
# Visual Studio Version 17
VisualStudioVersion = 17.9.34728.123
MinimumVisualStudioVersion = 10.0.40219.1
Project("{FAE04EC0-301F-11D3-BF4B-00C04F79EFBC}") = "TiendaServicio.Api.AutorLibro", "TiendaServicio.Api.Libro\TiendaServicio.Api.AutorLibro.csproj", "{76364CCC-8DC8-44DC-A220-10681AB512E2}"
EndProject
Global
	GlobalSection(SolutionConfigurationPlatforms) = preSolution
		Debug|Any CPU = Debug|Any CPU
		Release|Any CPU = Release|Any CPU
	EndGlobalSection
	GlobalSection(ProjectConfigurationPlatforms) = postSolution
		{76364CCC-8DC8-44DC-A220-10681AB512E2}.Debug|Any CPU.ActiveCfg = Debug|Any CPU
		{76364CCC-8DC8-44DC-A220-10681AB512E2}.Debug|Any CPU.Build.0 = Debug|Any CPU
		{76364CCC-8DC8-44DC-A220-10681AB512E2}.Release|Any CPU.ActiveCfg = Release|Any CPU
		{76364CCC-8DC8-44DC-A220-10681AB512E2}.Release|Any CPU.Build.0 = Release|Any CPU
	EndGlobalSection
	GlobalSection(SolutionProperties) = preSolution
		HideSolutionNode = FALSE
	EndGlobalSection
	GlobalSection(ExtensibilityGlobals) = postSolution
		SolutionGuid = {693A2DA5-1F67-425D-B0D9-B74104314224}
	EndGlobalSection
EndGlobal
